<?xml version="1.0" encoding="utf-8"?>
<Project ToolsVersion="4.0" xmlns="http://schemas.microsoft.com/developer/msbuild/2003">
  <ItemGroup>
    <Filter Include="Source Files">
      <UniqueIdentifier>{4FC737F1-C7A5-4376-A066-2A32D752A2FF}</UniqueIdentifier>
      <Extensions>cpp;c;cc;cxx;c++;cppm;ixx;def;odl;idl;hpj;bat;asm;asmx</Extensions>
    </Filter>
    <Filter Include="Header Files">
      <UniqueIdentifier>{93995380-89BD-4b04-88EB-625FBE52EBFB}</UniqueIdentifier>
      <Extensions>h;hh;hpp;hxx;h++;hm;inl;inc;ipp;xsd</Extensions>
    </Filter>
    <Filter Include="Resource Files">
      <UniqueIdentifier>{67DA6AB6-F800-4c08-8B7A-83BB121AAD01}</UniqueIdentifier>
      <Extensions>rc;ico;cur;bmp;dlg;rc2;rct;bin;rgs;gif;jpg;jpeg;jpe;resx;tiff;tif;png;wav;mfcribbon-ms</Extensions>
    </Filter>
  </ItemGroup>
  <ItemGroup>
    <ClInclude Include="external\freetype\include\dlg\dlg.h">
      <Filter>Header Files</Filter>
    </ClInclude>
    <ClInclude Include="external\freetype\include\dlg\output.h">
      <Filter>Header Files</Filter>
    </ClInclude>
    <ClInclude Include="external\freetype\include\freetype\config\ftconfig.h">
      <Filter>Header Files</Filter>
    </ClInclude>
    <ClInclude Include="external\freetype\include\freetype\config\ftheader.h">
      <Filter>Header Files</Filter>
    </ClInclude>
    <ClInclude Include="external\freetype\include\freetype\config\ftmodule.h">
      <Filter>Header Files</Filter>
    </ClInclude>
    <ClInclude Include="external\freetype\include\freetype\config\ftoption.h">
      <Filter>Header Files</Filter>
    </ClInclude>
    <ClInclude Include="external\freetype\include\freetype\config\ftstdlib.h">
      <Filter>Header Files</Filter>
    </ClInclude>
    <ClInclude Include="external\freetype\include\freetype\config\integer-types.h">
      <Filter>Header Files</Filter>
    </ClInclude>
    <ClInclude Include="external\freetype\include\freetype\config\mac-support.h">
      <Filter>Header Files</Filter>
    </ClInclude>
    <ClInclude Include="external\freetype\include\freetype\config\public-macros.h">
      <Filter>Header Files</Filter>
    </ClInclude>
    <ClInclude Include="external\freetype\include\freetype\internal\services\svbdf.h">
      <Filter>Header Files</Filter>
    </ClInclude>
    <ClInclude Include="external\freetype\include\freetype\internal\services\svcfftl.h">
      <Filter>Header Files</Filter>
    </ClInclude>
    <ClInclude Include="external\freetype\include\freetype\internal\services\svcid.h">
      <Filter>Header Files</Filter>
    </ClInclude>
    <ClInclude Include="external\freetype\include\freetype\internal\services\svfntfmt.h">
      <Filter>Header Files</Filter>
    </ClInclude>
    <ClInclude Include="external\freetype\include\freetype\internal\services\svgldict.h">
      <Filter>Header Files</Filter>
    </ClInclude>
    <ClInclude Include="external\freetype\include\freetype\internal\services\svgxval.h">
      <Filter>Header Files</Filter>
    </ClInclude>
    <ClInclude Include="external\freetype\include\freetype\internal\services\svkern.h">
      <Filter>Header Files</Filter>
    </ClInclude>
    <ClInclude Include="external\freetype\include\freetype\internal\services\svmetric.h">
      <Filter>Header Files</Filter>
    </ClInclude>
    <ClInclude Include="external\freetype\include\freetype\internal\services\svmm.h">
      <Filter>Header Files</Filter>
    </ClInclude>
    <ClInclude Include="external\freetype\include\freetype\internal\services\svotval.h">
      <Filter>Header Files</Filter>
    </ClInclude>
    <ClInclude Include="external\freetype\include\freetype\internal\services\svpfr.h">
      <Filter>Header Files</Filter>
    </ClInclude>
    <ClInclude Include="external\freetype\include\freetype\internal\services\svpostnm.h">
      <Filter>Header Files</Filter>
    </ClInclude>
    <ClInclude Include="external\freetype\include\freetype\internal\services\svprop.h">
      <Filter>Header Files</Filter>
    </ClInclude>
    <ClInclude Include="external\freetype\include\freetype\internal\services\svpscmap.h">
      <Filter>Header Files</Filter>
    </ClInclude>
    <ClInclude Include="external\freetype\include\freetype\internal\services\svpsinfo.h">
      <Filter>Header Files</Filter>
    </ClInclude>
    <ClInclude Include="external\freetype\include\freetype\internal\services\svsfnt.h">
      <Filter>Header Files</Filter>
    </ClInclude>
    <ClInclude Include="external\freetype\include\freetype\internal\services\svttcmap.h">
      <Filter>Header Files</Filter>
    </ClInclude>
    <ClInclude Include="external\freetype\include\freetype\internal\services\svtteng.h">
      <Filter>Header Files</Filter>
    </ClInclude>
    <ClInclude Include="external\freetype\include\freetype\internal\services\svttglyf.h">
      <Filter>Header Files</Filter>
    </ClInclude>
    <ClInclude Include="external\freetype\include\freetype\internal\services\svwinfnt.h">
      <Filter>Header Files</Filter>
    </ClInclude>
    <ClInclude Include="external\freetype\include\freetype\internal\autohint.h">
      <Filter>Header Files</Filter>
    </ClInclude>
    <ClInclude Include="external\freetype\include\freetype\internal\cffotypes.h">
      <Filter>Header Files</Filter>
    </ClInclude>
    <ClInclude Include="external\freetype\include\freetype\internal\cfftypes.h">
      <Filter>Header Files</Filter>
    </ClInclude>
    <ClInclude Include="external\freetype\include\freetype\internal\compiler-macros.h">
      <Filter>Header Files</Filter>
    </ClInclude>
    <ClInclude Include="external\freetype\include\freetype\internal\ftcalc.h">
      <Filter>Header Files</Filter>
    </ClInclude>
    <ClInclude Include="external\freetype\include\freetype\internal\ftdebug.h">
      <Filter>Header Files</Filter>
    </ClInclude>
    <ClInclude Include="external\freetype\include\freetype\internal\ftdrv.h">
      <Filter>Header Files</Filter>
    </ClInclude>
    <ClInclude Include="external\freetype\include\freetype\internal\ftgloadr.h">
      <Filter>Header Files</Filter>
    </ClInclude>
    <ClInclude Include="external\freetype\include\freetype\internal\fthash.h">
      <Filter>Header Files</Filter>
    </ClInclude>
    <ClInclude Include="external\freetype\include\freetype\internal\ftmemory.h">
      <Filter>Header Files</Filter>
    </ClInclude>
    <ClInclude Include="external\freetype\include\freetype\internal\ftobjs.h">
      <Filter>Header Files</Filter>
    </ClInclude>
    <ClInclude Include="external\freetype\include\freetype\internal\ftpsprop.h">
      <Filter>Header Files</Filter>
    </ClInclude>
    <ClInclude Include="external\freetype\include\freetype\internal\ftrfork.h">
      <Filter>Header Files</Filter>
    </ClInclude>
    <ClInclude Include="external\freetype\include\freetype\internal\ftserv.h">
      <Filter>Header Files</Filter>
    </ClInclude>
    <ClInclude Include="external\freetype\include\freetype\internal\ftstream.h">
      <Filter>Header Files</Filter>
    </ClInclude>
    <ClInclude Include="external\freetype\include\freetype\internal\fttrace.h">
      <Filter>Header Files</Filter>
    </ClInclude>
    <ClInclude Include="external\freetype\include\freetype\internal\ftvalid.h">
      <Filter>Header Files</Filter>
    </ClInclude>
    <ClInclude Include="external\freetype\include\freetype\internal\psaux.h">
      <Filter>Header Files</Filter>
    </ClInclude>
    <ClInclude Include="external\freetype\include\freetype\internal\pshints.h">
      <Filter>Header Files</Filter>
    </ClInclude>
    <ClInclude Include="external\freetype\include\freetype\internal\sfnt.h">
      <Filter>Header Files</Filter>
    </ClInclude>
    <ClInclude Include="external\freetype\include\freetype\internal\t1types.h">
      <Filter>Header Files</Filter>
    </ClInclude>
    <ClInclude Include="external\freetype\include\freetype\internal\tttypes.h">
      <Filter>Header Files</Filter>
    </ClInclude>
    <ClInclude Include="external\freetype\include\freetype\internal\wofftypes.h">
      <Filter>Header Files</Filter>
    </ClInclude>
    <ClInclude Include="external\freetype\include\freetype\freetype.h">
      <Filter>Header Files</Filter>
    </ClInclude>
    <ClInclude Include="external\freetype\include\freetype\ftadvanc.h">
      <Filter>Header Files</Filter>
    </ClInclude>
    <ClInclude Include="external\freetype\include\freetype\ftbbox.h">
      <Filter>Header Files</Filter>
    </ClInclude>
    <ClInclude Include="external\freetype\include\freetype\ftbdf.h">
      <Filter>Header Files</Filter>
    </ClInclude>
    <ClInclude Include="external\freetype\include\freetype\ftbitmap.h">
      <Filter>Header Files</Filter>
    </ClInclude>
    <ClInclude Include="external\freetype\include\freetype\ftbzip2.h">
      <Filter>Header Files</Filter>
    </ClInclude>
    <ClInclude Include="external\freetype\include\freetype\ftcache.h">
      <Filter>Header Files</Filter>
    </ClInclude>
    <ClInclude Include="external\freetype\include\freetype\ftchapters.h">
      <Filter>Header Files</Filter>
    </ClInclude>
    <ClInclude Include="external\freetype\include\freetype\ftcid.h">
      <Filter>Header Files</Filter>
    </ClInclude>
    <ClInclude Include="external\freetype\include\freetype\ftcolor.h">
      <Filter>Header Files</Filter>
    </ClInclude>
    <ClInclude Include="external\freetype\include\freetype\ftdriver.h">
      <Filter>Header Files</Filter>
    </ClInclude>
    <ClInclude Include="external\freetype\include\freetype\fterrdef.h">
      <Filter>Header Files</Filter>
    </ClInclude>
    <ClInclude Include="external\freetype\include\freetype\fterrors.h">
      <Filter>Header Files</Filter>
    </ClInclude>
    <ClInclude Include="external\freetype\include\freetype\ftfntfmt.h">
      <Filter>Header Files</Filter>
    </ClInclude>
    <ClInclude Include="external\freetype\include\freetype\ftgasp.h">
      <Filter>Header Files</Filter>
    </ClInclude>
    <ClInclude Include="external\freetype\include\freetype\ftglyph.h">
      <Filter>Header Files</Filter>
    </ClInclude>
    <ClInclude Include="external\freetype\include\freetype\ftgxval.h">
      <Filter>Header Files</Filter>
    </ClInclude>
    <ClInclude Include="external\freetype\include\freetype\ftgzip.h">
      <Filter>Header Files</Filter>
    </ClInclude>
    <ClInclude Include="external\freetype\include\freetype\ftimage.h">
      <Filter>Header Files</Filter>
    </ClInclude>
    <ClInclude Include="external\freetype\include\freetype\ftincrem.h">
      <Filter>Header Files</Filter>
    </ClInclude>
    <ClInclude Include="external\freetype\include\freetype\ftlcdfil.h">
      <Filter>Header Files</Filter>
    </ClInclude>
    <ClInclude Include="external\freetype\include\freetype\ftlist.h">
      <Filter>Header Files</Filter>
    </ClInclude>
    <ClInclude Include="external\freetype\include\freetype\ftlogging.h">
      <Filter>Header Files</Filter>
    </ClInclude>
    <ClInclude Include="external\freetype\include\freetype\ftlzw.h">
      <Filter>Header Files</Filter>
    </ClInclude>
    <ClInclude Include="external\freetype\include\freetype\ftmac.h">
      <Filter>Header Files</Filter>
    </ClInclude>
    <ClInclude Include="external\freetype\include\freetype\ftmm.h">
      <Filter>Header Files</Filter>
    </ClInclude>
    <ClInclude Include="external\freetype\include\freetype\ftmodapi.h">
      <Filter>Header Files</Filter>
    </ClInclude>
    <ClInclude Include="external\freetype\include\freetype\ftmoderr.h">
      <Filter>Header Files</Filter>
    </ClInclude>
    <ClInclude Include="external\freetype\include\freetype\ftotval.h">
      <Filter>Header Files</Filter>
    </ClInclude>
    <ClInclude Include="external\freetype\include\freetype\ftoutln.h">
      <Filter>Header Files</Filter>
    </ClInclude>
    <ClInclude Include="external\freetype\include\freetype\ftparams.h">
      <Filter>Header Files</Filter>
    </ClInclude>
    <ClInclude Include="external\freetype\include\freetype\ftpfr.h">
      <Filter>Header Files</Filter>
    </ClInclude>
    <ClInclude Include="external\freetype\include\freetype\ftrender.h">
      <Filter>Header Files</Filter>
    </ClInclude>
    <ClInclude Include="external\freetype\include\freetype\ftsizes.h">
      <Filter>Header Files</Filter>
    </ClInclude>
    <ClInclude Include="external\freetype\include\freetype\ftsnames.h">
      <Filter>Header Files</Filter>
    </ClInclude>
    <ClInclude Include="external\freetype\include\freetype\ftstroke.h">
      <Filter>Header Files</Filter>
    </ClInclude>
    <ClInclude Include="external\freetype\include\freetype\ftsynth.h">
      <Filter>Header Files</Filter>
    </ClInclude>
    <ClInclude Include="external\freetype\include\freetype\ftsystem.h">
      <Filter>Header Files</Filter>
    </ClInclude>
    <ClInclude Include="external\freetype\include\freetype\fttrigon.h">
      <Filter>Header Files</Filter>
    </ClInclude>
    <ClInclude Include="external\freetype\include\freetype\fttypes.h">
      <Filter>Header Files</Filter>
    </ClInclude>
    <ClInclude Include="external\freetype\include\freetype\ftwinfnt.h">
      <Filter>Header Files</Filter>
    </ClInclude>
    <ClInclude Include="external\freetype\include\freetype\t1tables.h">
      <Filter>Header Files</Filter>
    </ClInclude>
    <ClInclude Include="external\freetype\include\freetype\ttnameid.h">
      <Filter>Header Files</Filter>
    </ClInclude>
    <ClInclude Include="external\freetype\include\freetype\tttables.h">
      <Filter>Header Files</Filter>
    </ClInclude>
    <ClInclude Include="external\freetype\include\freetype\tttags.h">
      <Filter>Header Files</Filter>
    </ClInclude>
    <ClInclude Include="external\freetype\include\ft2build.h">
      <Filter>Header Files</Filter>
    </ClInclude>
    <ClInclude Include="external\imgui\imconfig.h">
      <Filter>Header Files</Filter>
    </ClInclude>
    <ClInclude Include="external\imgui\imgui.h">
      <Filter>Header Files</Filter>
    </ClInclude>
    <ClInclude Include="external\imgui\imgui_freetype.h">
      <Filter>Header Files</Filter>
    </ClInclude>
    <ClInclude Include="external\imgui\imgui_impl_dx9.h">
      <Filter>Header Files</Filter>
    </ClInclude>
    <ClInclude Include="external\imgui\imgui_impl_win32.h">
      <Filter>Header Files</Filter>
    </ClInclude>
    <ClInclude Include="external\imgui\imgui_internal.h">
      <Filter>Header Files</Filter>
    </ClInclude>
    <ClInclude Include="external\imgui\imstb_rectpack.h">
      <Filter>Header Files</Filter>
    </ClInclude>
    <ClInclude Include="external\imgui\imstb_textedit.h">
      <Filter>Header Files</Filter>
    </ClInclude>
    <ClInclude Include="external\imgui\imstb_truetype.h">
      <Filter>Header Files</Filter>
    </ClInclude>
    <ClInclude Include="external\minhook\hde\hde32.h">
      <Filter>Header Files</Filter>
    </ClInclude>
    <ClInclude Include="external\minhook\hde\hde64.h">
      <Filter>Header Files</Filter>
    </ClInclude>
    <ClInclude Include="external\minhook\hde\pstdint.h">
      <Filter>Header Files</Filter>
    </ClInclude>
    <ClInclude Include="external\minhook\hde\table32.h">
      <Filter>Header Files</Filter>
    </ClInclude>
    <ClInclude Include="external\minhook\hde\table64.h">
      <Filter>Header Files</Filter>
    </ClInclude>
    <ClInclude Include="external\minhook\buffer.h">
      <Filter>Header Files</Filter>
    </ClInclude>
    <ClInclude Include="external\minhook\minhook.h">
      <Filter>Header Files</Filter>
    </ClInclude>
    <ClInclude Include="external\minhook\trampoline.h">
      <Filter>Header Files</Filter>
    </ClInclude>
    <ClInclude Include="cheat\core\interfaces.h">
      <Filter>Header Files</Filter>
    </ClInclude>
    <ClInclude Include="cheat\sdk\classes\interfaceregister.h">
      <Filter>Header Files</Filter>
    </ClInclude>
    <ClInclude Include="cheat\sdk\sdk.h">
      <Filter>Header Files</Filter>
    </ClInclude>
    <ClInclude Include="cheat\sdk\definitions.h">
      <Filter>Header Files</Filter>
    </ClInclude>
    <ClInclude Include="cheat\sdk\interfaces\baseinterface.h">
      <Filter>Header Files</Filter>
    </ClInclude>
    <ClInclude Include="cheat\sdk\interfaces\appsystem.h">
      <Filter>Header Files</Filter>
    </ClInclude>
    <ClInclude Include="cheat\sdk\data\vector.h">
      <Filter>Header Files</Filter>
    </ClInclude>
    <ClInclude Include="cheat\sdk\data\matrix.h">
      <Filter>Header Files</Filter>
    </ClInclude>
    <ClInclude Include="cheat\sdk\classes\clientclass.h">
      <Filter>Header Files</Filter>
    </ClInclude>
    <ClInclude Include="cheat\sdk\classes\usercmd.h">
      <Filter>Header Files</Filter>
    </ClInclude>
    <ClInclude Include="cheat\sdk\data\utlvector.h">
      <Filter>Header Files</Filter>
    </ClInclude>
    <ClInclude Include="cheat\sdk\data\datatable.h">
      <Filter>Header Files</Filter>
    </ClInclude>
    <ClInclude Include="cheat\sdk\classes\globalvars.h">
      <Filter>Header Files</Filter>
    </ClInclude>
    <ClInclude Include="cheat\sdk\interfaces\panel.h">
      <Filter>Header Files</Filter>
    </ClInclude>
    <ClInclude Include="cheat\sdk\interfaces\spatialquery.h">
      <Filter>Header Files</Filter>
    </ClInclude>
    <ClInclude Include="cheat\sdk\interfaces\steamapi.h">
      <Filter>Header Files</Filter>
    </ClInclude>
    <ClInclude Include="cheat\sdk\interfaces\weaponsystem.h">
      <Filter>Header Files</Filter>
    </ClInclude>
    <ClInclude Include="cheat\sdk\interfaces\clientmode.h">
      <Filter>Header Files</Filter>
    </ClInclude>
    <ClInclude Include="cheat\other\memory.h">
      <Filter>Header Files</Filter>
    </ClInclude>
    <ClInclude Include="cheat\other\fnv.h">
      <Filter>Header Files</Filter>
    </ClInclude>
    <ClInclude Include="cheat\sdk\interfaces\engineclient.h">
      <Filter>Header Files</Filter>
    </ClInclude>
    <ClInclude Include="cheat\sdk\interfaces\netchannel.h">
      <Filter>Header Files</Filter>
    </ClInclude>
    <ClInclude Include="cheat\sdk\interfaces\effects.h">
      <Filter>Header Files</Filter>
    </ClInclude>
    <ClInclude Include="cheat\sdk\interfaces\enginevgui.h">
      <Filter>Header Files</Filter>
    </ClInclude>
    <ClInclude Include="cheat\sdk\interfaces\convar.h">
      <Filter>Header Files</Filter>
    </ClInclude>
    <ClInclude Include="cheat\sdk\interfaces\engineconvar.h">
      <Filter>Header Files</Filter>
    </ClInclude>
    <ClInclude Include="cheat\sdk\interfaces\gameeventmanager.h">
      <Filter>Header Files</Filter>
    </ClInclude>
    <ClInclude Include="cheat\sdk\interfaces\gametypes.h">
      <Filter>Header Files</Filter>
    </ClInclude>
    <ClInclude Include="cheat\sdk\interfaces\surface.h">
      <Filter>Header Files</Filter>
    </ClInclude>
    <ClInclude Include="cheat\sdk\interfaces\material.h">
      <Filter>Header Files</Filter>
    </ClInclude>
    <ClInclude Include="cheat\sdk\interfaces\materialsystem.h">
      <Filter>Header Files</Filter>
    </ClInclude>
    <ClInclude Include="cheat\sdk\interfaces\modelrender.h">
      <Filter>Header Files</Filter>
    </ClInclude>
    <ClInclude Include="cheat\sdk\interfaces\modelinfo.h">
      <Filter>Header Files</Filter>
    </ClInclude>
    <ClInclude Include="cheat\sdk\interfaces\texture.h">
      <Filter>Header Files</Filter>
    </ClInclude>
    <ClInclude Include="cheat\sdk\interfaces\baseclientdll.h">
      <Filter>Header Files</Filter>
    </ClInclude>
    <ClInclude Include="cheat\sdk\entity\handleentity.h">
      <Filter>Header Files</Filter>
    </ClInclude>
    <ClInclude Include="cheat\sdk\entity\collideable.h">
      <Filter>Header Files</Filter>
    </ClInclude>
    <ClInclude Include="cheat\sdk\entity\clientunknown.h">
      <Filter>Header Files</Filter>
    </ClInclude>
    <ClInclude Include="cheat\sdk\entity\clientthinkable.h">
      <Filter>Header Files</Filter>
    </ClInclude>
    <ClInclude Include="cheat\sdk\entity\clientrenderable.h">
      <Filter>Header Files</Filter>
    </ClInclude>
    <ClInclude Include="cheat\sdk\entity\clientnetworkable.h">
      <Filter>Header Files</Filter>
    </ClInclude>
    <ClInclude Include="cheat\sdk\entity\clientalphaproperty.h">
      <Filter>Header Files</Filter>
    </ClInclude>
    <ClInclude Include="cheat\sdk\entity\cliententity.h">
      <Filter>Header Files</Filter>
    </ClInclude>
    <ClInclude Include="cheat\sdk\classes\soundinfo.h">
      <Filter>Header Files</Filter>
    </ClInclude>
    <ClInclude Include="cheat\sdk\entity\entity.h">
      <Filter>Header Files</Filter>
    </ClInclude>
    <ClInclude Include="cheat\sdk\interfaces\cliententitylist.h">
      <Filter>Header Files</Filter>
    </ClInclude>
    <ClInclude Include="cheat\core\hooks.h">
      <Filter>Header Files</Filter>
    </ClInclude>
    <ClInclude Include="cheat\sdk\interfaces\enginetraceclient.h">
      <Filter>Header Files</Filter>
    </ClInclude>
    <ClInclude Include="cheat\core\netvar.h">
      <Filter>Header Files</Filter>
    </ClInclude>
    <ClInclude Include="cheat\sdk\interfaces\glowobjectmanager.h">
      <Filter>Header Files</Filter>
    </ClInclude>
    <ClInclude Include="cheat\sdk\interfaces\viewrenderbeams.h">
      <Filter>Header Files</Filter>
    </ClInclude>
    <ClInclude Include="cheat\sdk\interfaces\studiorender.h">
      <Filter>Header Files</Filter>
    </ClInclude>
    <ClInclude Include="cheat\sdk\interfaces\debugoverlay.h">
      <Filter>Header Files</Filter>
    </ClInclude>
    <ClInclude Include="cheat\core\globals.h">
      <Filter>Header Files</Filter>
    </ClInclude>
    <ClInclude Include="cheat\core\ui.h">
      <Filter>Header Files</Filter>
    </ClInclude>
    <ClInclude Include="cheat\sdk\classes\stencilstate.h">
      <Filter>Header Files</Filter>
    </ClInclude>
    <ClInclude Include="cheat\core\variables.h">
      <Filter>Header Files</Filter>
    </ClInclude>
    <ClInclude Include="cheat\features\features.h">
      <Filter>Header Files</Filter>
    </ClInclude>
    <ClInclude Include="cheat\features\visuals.h">
      <Filter>Header Files</Filter>
    </ClInclude>
    <ClInclude Include="cheat\features\misc.h">
      <Filter>Header Files</Filter>
    </ClInclude>
    <ClInclude Include="cheat\other\events.h">
      <Filter>Header Files</Filter>
    </ClInclude>
    <ClInclude Include="cheat\sdk\interfaces\localize.h">
      <Filter>Header Files</Filter>
    </ClInclude>
    <ClInclude Include="cheat\sdk\interfaces\hud.h">
      <Filter>Header Files</Filter>
    </ClInclude>
    <ClInclude Include="cheat\other\config.h">
      <Filter>Header Files</Filter>
    </ClInclude>
    <ClInclude Include="external\json\json.hpp">
      <Filter>Header Files</Filter>
    </ClInclude>
    <ClInclude Include="cheat\features\skins.h">
      <Filter>Header Files</Filter>
    </ClInclude>
    <ClInclude Include="cheat\sdk\data\bitbuf.h">
      <Filter>Header Files</Filter>
    </ClInclude>
    <ClInclude Include="cheat\sdk\entity\staticprop.h">
      <Filter>Header Files</Filter>
    </ClInclude>
    <ClInclude Include="cheat\sdk\interfaces\staticpropmgr.h">
      <Filter>Header Files</Filter>
    </ClInclude>
    <ClInclude Include="cheat\other\entities.h">
      <Filter>Header Files</Filter>
    </ClInclude>
    <ClInclude Include="cheat\other\render.h">
      <Filter>Header Files</Filter>
    </ClInclude>
  </ItemGroup>
  <ItemGroup>
    <ClCompile Include="external\imgui\imgui.cpp">
      <Filter>Source Files</Filter>
    </ClCompile>
    <ClCompile Include="external\imgui\imgui_demo.cpp">
      <Filter>Source Files</Filter>
    </ClCompile>
    <ClCompile Include="external\imgui\imgui_draw.cpp">
      <Filter>Source Files</Filter>
    </ClCompile>
    <ClCompile Include="external\imgui\imgui_freetype.cpp">
      <Filter>Source Files</Filter>
    </ClCompile>
    <ClCompile Include="external\imgui\imgui_impl_dx9.cpp">
      <Filter>Source Files</Filter>
    </ClCompile>
    <ClCompile Include="external\imgui\imgui_impl_win32.cpp">
      <Filter>Source Files</Filter>
    </ClCompile>
    <ClCompile Include="external\imgui\imgui_tables.cpp">
      <Filter>Source Files</Filter>
    </ClCompile>
    <ClCompile Include="external\imgui\imgui_widgets.cpp">
      <Filter>Source Files</Filter>
    </ClCompile>
    <ClCompile Include="external\minhook\hde\hde32.c">
      <Filter>Source Files</Filter>
    </ClCompile>
    <ClCompile Include="external\minhook\hde\hde64.c">
      <Filter>Source Files</Filter>
    </ClCompile>
    <ClCompile Include="external\minhook\buffer.c">
      <Filter>Source Files</Filter>
    </ClCompile>
    <ClCompile Include="external\minhook\hook.c">
      <Filter>Source Files</Filter>
    </ClCompile>
    <ClCompile Include="external\minhook\trampoline.c">
      <Filter>Source Files</Filter>
    </ClCompile>
    <ClCompile Include="cheat\main.cpp">
      <Filter>Source Files</Filter>
    </ClCompile>
    <ClCompile Include="cheat\core\interfaces.cpp">
      <Filter>Source Files</Filter>
    </ClCompile>
    <ClCompile Include="cheat\sdk\entity\entity.cpp">
      <Filter>Source Files</Filter>
    </ClCompile>
    <ClCompile Include="cheat\core\hooks.cpp">
      <Filter>Source Files</Filter>
    </ClCompile>
    <ClCompile Include="cheat\core\netvar.cpp">
      <Filter>Source Files</Filter>
    </ClCompile>
    <ClCompile Include="cheat\core\ui.cpp">
      <Filter>Source Files</Filter>
    </ClCompile>
    <ClCompile Include="cheat\core\functions\endscene.cpp">
      <Filter>Source Files</Filter>
    </ClCompile>
    <ClCompile Include="cheat\core\functions\reset.cpp">
      <Filter>Source Files</Filter>
    </ClCompile>
    <ClCompile Include="cheat\core\functions\dopostscreenspaceeffects.cpp">
      <Filter>Source Files</Filter>
    </ClCompile>
    <ClCompile Include="cheat\core\functions\painttraverse.cpp">
      <Filter>Source Files</Filter>
    </ClCompile>
    <ClCompile Include="cheat\core\functions\createmove.cpp">
      <Filter>Source Files</Filter>
    </ClCompile>
    <ClCompile Include="cheat\core\functions\framestagenotify.cpp">
      <Filter>Source Files</Filter>
    </ClCompile>
    <ClCompile Include="cheat\core\functions\levelshutdown.cpp">
      <Filter>Source Files</Filter>
    </ClCompile>
    <ClCompile Include="cheat\core\functions\levelinitpostentity.cpp">
      <Filter>Source Files</Filter>
    </ClCompile>
    <ClCompile Include="cheat\core\functions\overrideview.cpp">
      <Filter>Source Files</Filter>
    </ClCompile>
    <ClCompile Include="cheat\core\functions\getviewmodelfov.cpp">
      <Filter>Source Files</Filter>
    </ClCompile>
    <ClCompile Include="cheat\core\functions\drawmodelexecute.cpp">
      <Filter>Source Files</Filter>
    </ClCompile>
    <ClCompile Include="cheat\core\functions\listleavesinbox.cpp">
      <Filter>Source Files</Filter>
    </ClCompile>
    <ClCompile Include="cheat\core\functions\paint.cpp">
      <Filter>Source Files</Filter>
    </ClCompile>
    <ClCompile Include="cheat\core\globals.cpp">
      <Filter>Source Files</Filter>
    </ClCompile>
    <ClCompile Include="cheat\core\functions\levelinitpreentity.cpp">
      <Filter>Source Files</Filter>
    </ClCompile>
    <ClCompile Include="cheat\features\visuals.cpp">
      <Filter>Source Files</Filter>
    </ClCompile>
    <ClCompile Include="cheat\features\misc.cpp">
      <Filter>Source Files</Filter>
    </ClCompile>
    <ClCompile Include="cheat\core\functions\getplayermoney.cpp">
      <Filter>Source Files</Filter>
    </ClCompile>
    <ClCompile Include="cheat\other\events.cpp">
      <Filter>Source Files</Filter>
    </ClCompile>
    <ClCompile Include="cheat\core\functions\showalert.cpp">
      <Filter>Source Files</Filter>
    </ClCompile>
    <ClCompile Include="cheat\core\functions\settingschattext.cpp">
      <Filter>Source Files</Filter>
    </ClCompile>
    <ClCompile Include="cheat\other\config.cpp">
      <Filter>Source Files</Filter>
    </ClCompile>
    <ClCompile Include="cheat\core\functions\staticpropinit.cpp">
      <Filter>Source Files</Filter>
    </ClCompile>
    <ClCompile Include="cheat\core\functions\sequence.cpp">
      <Filter>Source Files</Filter>
    </ClCompile>
    <ClCompile Include="cheat\features\skins.cpp">
      <Filter>Source Files</Filter>
    </ClCompile>
    <ClCompile Include="cheat\core\functions\dispatchusermessage.cpp">
      <Filter>Source Files</Filter>
    </ClCompile>
    <ClCompile Include="cheat\other\entities.cpp">
      <Filter>Source Files</Filter>
    </ClCompile>
    <ClCompile Include="cheat\other\render.cpp">
      <Filter>Source Files</Filter>
    </ClCompile>
    <ClCompile Include="cheat\other\memory.cpp">
      <Filter>Source Files</Filter>
    </ClCompile>
    <ClCompile Include="cheat\core\functions\onscreensizechanged.cpp">
      <Filter>Source Files</Filter>
    </ClCompile>
  </ItemGroup>
</Project>